{
  "pins" : [
    {
      "identity" : "alamofire",
      "kind" : "remoteSourceControl",
      "location" : "https://github.com/Alamofire/Alamofire.git",
      "state" : {
        "revision" : "8dd85aee02e39dd280c75eef88ffdb86eed4b07b",
        "version" : "5.6.2"
      }
    },
    {
      "identity" : "async-http-client",
      "kind" : "remoteSourceControl",
      "location" : "https://github.com/swift-server/async-http-client.git",
      "state" : {
        "revision" : "03b3e7b34153299e9b4c4b5c2a6ac790a582a3ac",
        "version" : "1.12.0"
      }
    },
    {
      "identity" : "console-kit",
      "kind" : "remoteSourceControl",
      "location" : "https://github.com/vapor/console-kit",
      "state" : {
        "revision" : "a7e67a1719933318b5ab7eaaed355cde020465b1",
        "version" : "4.5.0"
      }
    },
    {
      "identity" : "dotenv",
      "kind" : "remoteSourceControl",
      "location" : "https://github.com/swiftpackages/DotEnv.git",
      "state" : {
        "revision" : "1f15bb9de727d694af1d003a1a5d7a553752850f",
        "version" : "3.0.0"
      }
    },
    {
      "identity" : "jmespath.swift",
      "kind" : "remoteSourceControl",
      "location" : "https://github.com/adam-fowler/jmespath.swift.git",
      "state" : {
        "revision" : "4513d319c4aaa6c3b2ac18e1e6566a803515ad91",
        "version" : "1.0.2"
      }
    },
    {
      "identity" : "kcpassword-swift",
      "kind" : "remoteSourceControl",
      "location" : "https://github.com/jkmassel/kcpassword-swift.git",
      "state" : {
        "revision" : "7bd487eb83285b54ff69c322f789c1b998fa7aff",
        "version" : "1.0.0"
      }
    },
    {
      "identity" : "prlctl",
      "kind" : "remoteSourceControl",
      "location" : "https://github.com/jkmassel/prlctl.git",
      "state" : {
        "revision" : "909a33afc1116ff1a21256b1c77752cb482ccffd",
        "version" : "1.21.0"
      }
    },
    {
      "identity" : "shellout",
      "kind" : "remoteSourceControl",
      "location" : "https://github.com/JohnSundell/ShellOut",
      "state" : {
        "revision" : "e1577acf2b6e90086d01a6d5e2b8efdaae033568",
        "version" : "2.3.0"
      }
    },
    {
      "identity" : "soto",
      "kind" : "remoteSourceControl",
      "location" : "https://github.com/soto-project/soto.git",
      "state" : {
        "revision" : "30bc0b8bdd5f096032b159d02784bef0da29a016",
        "version" : "6.2.0"
      }
    },
    {
      "identity" : "soto-core",
      "kind" : "remoteSourceControl",
      "location" : "https://github.com/soto-project/soto-core.git",
      "state" : {
        "revision" : "f8a8db612a6bca7a05f69e975464f7a841f43617",
        "version" : "6.1.3"
      }
    },
    {
      "identity" : "swift-argument-parser",
      "kind" : "remoteSourceControl",
      "location" : "https://github.com/apple/swift-argument-parser",
      "state" : {
        "revision" : "9f39744e025c7d377987f30b03770805dcb0bcd1",
        "version" : "1.1.4"
      }
    },
    {
      "identity" : "swift-atomics",
      "kind" : "remoteSourceControl",
      "location" : "https://github.com/apple/swift-atomics.git",
      "state" : {
        "revision" : "919eb1d83e02121cdb434c7bfc1f0c66ef17febe",
        "version" : "1.0.2"
      }
    },
    {
      "identity" : "swift-collections",
      "kind" : "remoteSourceControl",
      "location" : "https://github.com/apple/swift-collections.git",
      "state" : {
        "revision" : "f504716c27d2e5d4144fa4794b12129301d17729",
        "version" : "1.0.3"
      }
    },
    {
      "identity" : "swift-log",
      "kind" : "remoteSourceControl",
      "location" : "https://github.com/apple/swift-log.git",
      "state" : {
        "revision" : "6fe203dc33195667ce1759bf0182975e4653ba1c",
        "version" : "1.4.4"
      }
    },
    {
      "identity" : "swift-metrics",
      "kind" : "remoteSourceControl",
      "location" : "https://github.com/apple/swift-metrics.git",
      "state" : {
        "revision" : "53be78637ecd165d1ddedc4e20de69b8f43ec3b7",
        "version" : "2.3.2"
      }
    },
    {
      "identity" : "swift-nio",
      "kind" : "remoteSourceControl",
      "location" : "https://github.com/apple/swift-nio.git",
      "state" : {
        "revision" : "bc4c55b9f9584f09eb971d67d956e28d08caa9d0",
        "version" : "2.43.1"
      }
    },
    {
      "identity" : "swift-nio-extras",
      "kind" : "remoteSourceControl",
      "location" : "https://github.com/apple/swift-nio-extras.git",
      "state" : {
        "revision" : "6c84d247754ad77487a6f0694273b89b83efd056",
        "version" : "1.14.0"
      }
    },
    {
      "identity" : "swift-nio-http2",
      "kind" : "remoteSourceControl",
      "location" : "https://github.com/apple/swift-nio-http2.git",
      "state" : {
        "revision" : "00576e6f1efa5c46dca2ca3081dc56dd233b402d",
        "version" : "1.23.0"
      }
    },
    {
      "identity" : "swift-nio-ssl",
      "kind" : "remoteSourceControl",
      "location" : "https://github.com/apple/swift-nio-ssl.git",
      "state" : {
        "revision" : "4fb7ead803e38949eb1d6fabb849206a72c580f3",
        "version" : "2.23.0"
      }
    },
    {
      "identity" : "swift-nio-transport-services",
      "kind" : "remoteSourceControl",
      "location" : "https://github.com/apple/swift-nio-transport-services.git",
      "state" : {
        "revision" : "c0d9a144cfaec8d3d596aadde3039286a266c15c",
        "version" : "1.15.0"
      }
    },
    {
      "identity" : "swift-system",
      "kind" : "remoteSourceControl",
      "location" : "https://github.com/apple/swift-system.git",
      "state" : {
        "revision" : "836bc4557b74fe6d2660218d56e3ce96aff76574",
        "version" : "1.1.1"
      }
    },
    {
      "identity" : "swift-tools-support-core",
      "kind" : "remoteSourceControl",
      "location" : "https://github.com/apple/swift-tools-support-core",
      "state" : {
        "revision" : "0b77e67c484e532444ceeab60119b8536f8cd648",
        "version" : "0.3.0"
      }
    }
  ],
  "version" : 2
}
