{
  "pins" : [
    {
      "identity" : "console-kit",
      "kind" : "remoteSourceControl",
      "location" : "https://github.com/vapor/console-kit.git",
      "state" : {
        "revision" : "447f1046fb4e9df40973fe426ecb24a6f0e8d3b4",
        "version" : "4.6.0"
      }
    },
    {
      "identity" : "kcpassword-swift",
      "kind" : "remoteSourceControl",
      "location" : "https://github.com/jkmassel/kcpassword-swift.git",
      "state" : {
        "revision" : "7bd487eb83285b54ff69c322f789c1b998fa7aff",
        "version" : "1.0.0"
      }
    },
    {
      "identity" : "prlctl",
      "kind" : "remoteSourceControl",
      "location" : "https://github.com/jkmassel/prlctl.git",
      "state" : {
        "revision" : "8c4726953f8578d3c71124f382913a11eba20b1d",
        "version" : "1.22.0"
      }
    },
    {
      "identity" : "shellout",
      "kind" : "remoteSourceControl",
      "location" : "https://github.com/JohnSundell/ShellOut",
      "state" : {
        "revision" : "e1577acf2b6e90086d01a6d5e2b8efdaae033568",
        "version" : "2.3.0"
      }
    },
    {
      "identity" : "swift-argument-parser",
      "kind" : "remoteSourceControl",
      "location" : "https://github.com/apple/swift-argument-parser",
      "state" : {
        "revision" : "fee6933f37fde9a5e12a1e4aeaa93fe60116ff2a",
        "version" : "1.2.2"
      }
    },
    {
      "identity" : "swift-crypto",
      "kind" : "remoteSourceControl",
      "location" : "https://github.com/apple/swift-crypto.git",
      "state" : {
        "revision" : "80a6e3edc1fc3a4c6c7d4177c73fa3f74c72d3e1",
        "version" : "2.3.0"
      }
    },
    {
      "identity" : "swift-log",
      "kind" : "remoteSourceControl",
      "location" : "https://github.com/apple/swift-log.git",
      "state" : {
        "revision" : "32e8d724467f8fe623624570367e3d50c5638e46",
        "version" : "1.5.2"
      }
    },
    {
      "identity" : "swift-system",
      "kind" : "remoteSourceControl",
      "location" : "https://github.com/apple/swift-system.git",
      "state" : {
        "revision" : "836bc4557b74fe6d2660218d56e3ce96aff76574",
        "version" : "1.1.1"
      }
    },
    {
      "identity" : "swift-tools-support-core",
      "kind" : "remoteSourceControl",
      "location" : "https://github.com/apple/swift-tools-support-core",
      "state" : {
        "revision" : "93784c59434dbca8e8a9e4b700d0d6d94551da6a",
        "version" : "0.5.2"
      }
    },
    {
      "identity" : "tinys3",
      "kind" : "remoteSourceControl",
      "location" : "https://github.com/jkmassel/tinys3.git",
      "state" : {
        "branch" : "main",
        "revision" : "31b1568aa7ab6354b42cd8b344fbb5bc57c1620c"
      }
    }
  ],
  "version" : 2
}
