{
  "pins" : [
    {
      "identity" : "console-kit",
      "kind" : "remoteSourceControl",
      "location" : "https://github.com/vapor/console-kit.git",
      "state" : {
        "revision" : "a7e67a1719933318b5ab7eaaed355cde020465b1",
        "version" : "4.5.0"
      }
    },
    {
      "identity" : "dotenv",
      "kind" : "remoteSourceControl",
      "location" : "https://github.com/swiftpackages/DotEnv.git",
      "state" : {
        "revision" : "1f15bb9de727d694af1d003a1a5d7a553752850f",
        "version" : "3.0.0"
      }
    },
    {
      "identity" : "kcpassword-swift",
      "kind" : "remoteSourceControl",
      "location" : "https://github.com/jkmassel/kcpassword-swift.git",
      "state" : {
        "revision" : "7bd487eb83285b54ff69c322f789c1b998fa7aff",
        "version" : "1.0.0"
      }
    },
    {
      "identity" : "prlctl",
      "kind" : "remoteSourceControl",
      "location" : "https://github.com/jkmassel/prlctl.git",
      "state" : {
        "revision" : "8c4726953f8578d3c71124f382913a11eba20b1d",
        "version" : "1.22.0"
      }
    },
    {
      "identity" : "shellout",
      "kind" : "remoteSourceControl",
      "location" : "https://github.com/JohnSundell/ShellOut",
      "state" : {
        "revision" : "e1577acf2b6e90086d01a6d5e2b8efdaae033568",
        "version" : "2.3.0"
      }
    },
    {
      "identity" : "swift-argument-parser",
      "kind" : "remoteSourceControl",
      "location" : "https://github.com/apple/swift-argument-parser",
      "state" : {
        "revision" : "9f39744e025c7d377987f30b03770805dcb0bcd1",
        "version" : "1.1.4"
      }
    },
    {
      "identity" : "swift-crypto",
      "kind" : "remoteSourceControl",
      "location" : "https://github.com/apple/swift-crypto.git",
      "state" : {
        "revision" : "9cc89f0170308b813af05dadcd26f9a2dee47713",
        "version" : "2.2.3"
      }
    },
    {
      "identity" : "swift-log",
      "kind" : "remoteSourceControl",
      "location" : "https://github.com/apple/swift-log.git",
      "state" : {
        "revision" : "5d66f7ba25daf4f94100e7022febf3c75e37a6c7",
        "version" : "1.4.2"
      }
    },
    {
      "identity" : "swift-nio",
      "kind" : "remoteSourceControl",
      "location" : "https://github.com/apple/swift-nio.git",
      "state" : {
        "revision" : "124119f0bb12384cef35aa041d7c3a686108722d",
        "version" : "2.40.0"
      }
    },
    {
      "identity" : "swift-system",
      "kind" : "remoteSourceControl",
      "location" : "https://github.com/apple/swift-system.git",
      "state" : {
        "revision" : "836bc4557b74fe6d2660218d56e3ce96aff76574",
        "version" : "1.1.1"
      }
    },
    {
      "identity" : "swift-tools-support-core",
      "kind" : "remoteSourceControl",
      "location" : "https://github.com/apple/swift-tools-support-core",
      "state" : {
        "revision" : "b7667f3e266af621e5cc9c77e74cacd8e8c00cb4",
        "version" : "0.2.5"
      }
    },
    {
      "identity" : "tinys3",
      "kind" : "remoteSourceControl",
      "location" : "https://github.com/jkmassel/tinys3.git",
      "state" : {
        "branch" : "main",
        "revision" : "6569b05ebe5bea0252346dbd9db33718efd531ee"
      }
    }
  ],
  "version" : 2
}
